
Microsoft Visual Studio Solution File, Format Version 12.00
# Visual Studio 15
VisualStudioVersion = 15.0.28010.2048
MinimumVisualStudioVersion = 10.0.40219.1
Project("{FAE04EC0-301F-11D3-BF4B-00C04F79EFBC}") = "Urok_0611_Fabrica", "Urok_0611_Fabrica\Urok_0611_Fabrica.csproj", "{618FD1DF-29F8-4B8E-977D-DD65071789D2}"
EndProject
Global
	GlobalSection(SolutionConfigurationPlatforms) = preSolution
		Debug|Any CPU = Debug|Any CPU
		Release|Any CPU = Release|Any CPU
	EndGlobalSection
	GlobalSection(ProjectConfigurationPlatforms) = postSolution
		{618FD1DF-29F8-4B8E-977D-DD65071789D2}.Debug|Any CPU.ActiveCfg = Debug|Any CPU
		{618FD1DF-29F8-4B8E-977D-DD65071789D2}.Debug|Any CPU.Build.0 = Debug|Any CPU
		{618FD1DF-29F8-4B8E-977D-DD65071789D2}.Release|Any CPU.ActiveCfg = Release|Any CPU
		{618FD1DF-29F8-4B8E-977D-DD65071789D2}.Release|Any CPU.Build.0 = Release|Any CPU
	EndGlobalSection
	GlobalSection(SolutionProperties) = preSolution
		HideSolutionNode = FALSE
	EndGlobalSection
	GlobalSection(ExtensibilityGlobals) = postSolution
		SolutionGuid = {D149FEC3-DE77-4D06-9F3A-A3DB1E9CDD8D}
	EndGlobalSection
EndGlobal
